
Microsoft Visual Studio Solution File, Format Version 12.00
Project("{2150E333-8FDC-42A3-9474-1A3956D46DE8}") = "src", "src", "{C24CCF8D-7DE3-42A1-B301-A8810EB5D582}"
EndProject
Project("{2150E333-8FDC-42A3-9474-1A3956D46DE8}") = "tests", "tests", "{71949C20-D46E-47B8-9327-64ECA956151A}"
EndProject
Project("{2150E333-8FDC-42A3-9474-1A3956D46DE8}") = "Domain", "Domain", "{FB60707B-30C1-43C6-AD77-3710B36A5C8C}"
EndProject
Project("{2150E333-8FDC-42A3-9474-1A3956D46DE8}") = "Application", "Application", "{4E0F643D-A8CC-40B9-8000-5F6ED44CD7F6}"
EndProject
Project("{2150E333-8FDC-42A3-9474-1A3956D46DE8}") = "Infrastructure", "Infrastructure", "{FDA1A019-6404-4958-BAD6-0B1552ECDE7B}"
EndProject
Project("{FAE04EC0-301F-11D3-BF4B-00C04F79EFBC}") = "Bank.Domain", "Bank.Domain\Bank.Domain.csproj", "{3EC51F56-807F-4E4E-924B-41AF7AA1AB72}"
EndProject
Project("{2150E333-8FDC-42A3-9474-1A3956D46DE8}") = "Presentation", "Presentation", "{B7EF7306-B00B-465A-8B3D-D974CE0B063F}"
EndProject
Project("{FAE04EC0-301F-11D3-BF4B-00C04F79EFBC}") = "Bank.Infrastructure", "Bank.Infrastructure\Bank.Infrastructure.csproj", "{C369A192-3520-4D78-B540-95B039DD8D82}"
EndProject
Project("{FAE04EC0-301F-11D3-BF4B-00C04F79EFBC}") = "Bank.Application", "Bank.Application\Bank.Application.csproj", "{779BB5BD-7698-45B7-8F27-9A43CEBFA48F}"
EndProject
Project("{FAE04EC0-301F-11D3-BF4B-00C04F79EFBC}") = "Base.Domain", "Base.Domain\Base.Domain.csproj", "{3069D724-2D76-465D-BAFA-84F2EEA1BC84}"
EndProject
Project("{FAE04EC0-301F-11D3-BF4B-00C04F79EFBC}") = "Geocoding.Application", "Geocoding.Application\Geocoding.Application.csproj", "{6B85B1B1-85E5-4064-B307-56F40FCCE15A}"
EndProject
Project("{FAE04EC0-301F-11D3-BF4B-00C04F79EFBC}") = "Geocoding.Domain", "Geocoding.Domain\Geocoding.Domain.csproj", "{E8344280-2898-4068-9FC6-B50D9D54DE3C}"
EndProject
Project("{FAE04EC0-301F-11D3-BF4B-00C04F79EFBC}") = "Geocoding.Infrastructure", "Geocoding.Infrastructure\Geocoding.Infrastructure.csproj", "{1FBA4381-156B-432F-9C3D-888CB95C9FF7}"
EndProject
Project("{FAE04EC0-301F-11D3-BF4B-00C04F79EFBC}") = "TelegramBot.Presentation", "TelegramBot.Presentation\TelegramBot.Presentation.csproj", "{7BB0B086-AE78-42BB-B488-346C5B170AC8}"
EndProject
Project("{FAE04EC0-301F-11D3-BF4B-00C04F79EFBC}") = "TelegramBot.Domain", "TelegramBot.Domain\TelegramBot.Domain.csproj", "{F82C97D3-CD47-4BB6-91E9-3928266E5837}"
EndProject
Project("{FAE04EC0-301F-11D3-BF4B-00C04F79EFBC}") = "TelegramBot.Infrastructure", "TelegramBot.Infrastructure\TelegramBot.Infrastructure.csproj", "{0B31DF0E-A2FA-4CE8-9524-C3BC35C86FD2}"
EndProject
Project("{FAE04EC0-301F-11D3-BF4B-00C04F79EFBC}") = "TelegramBot.Application", "TelegramBot.Application\TelegramBot.Application.csproj", "{B9E046B1-D818-4279-A4BF-E4ABF51E6420}"
EndProject
Project("{2150E333-8FDC-42A3-9474-1A3956D46DE8}") = "Application", "Application", "{852BC26E-1D2C-4DDB-85AF-EC6D32859B37}"
EndProject
Project("{2150E333-8FDC-42A3-9474-1A3956D46DE8}") = "Domain", "Domain", "{2DC34A37-7226-491D-8653-EF5897FBAC84}"
EndProject
Project("{2150E333-8FDC-42A3-9474-1A3956D46DE8}") = "Infrastructure", "Infrastructure", "{31AEA467-AC27-4A49-BC39-A09A5723A503}"
EndProject
Project("{2150E333-8FDC-42A3-9474-1A3956D46DE8}") = "Presentation", "Presentation", "{DE511943-2BD6-4EF6-B7D8-A6D54C51A338}"
EndProject
Project("{FAE04EC0-301F-11D3-BF4B-00C04F79EFBC}") = "TelegramBot.Application.UnitTests", "TelegramBot.Application.UnitTests\TelegramBot.Application.UnitTests.csproj", "{628A4C52-E4F8-413C-A5E8-7B65F7EA999E}"
EndProject
Project("{FAE04EC0-301F-11D3-BF4B-00C04F79EFBC}") = "Base.Application.UnitTest", "Base.Application.UnitTest\Base.Application.UnitTest.csproj", "{FCA4494F-1DBC-48BB-8C73-D4AF32667B91}"
EndProject
Project("{FAE04EC0-301F-11D3-BF4B-00C04F79EFBC}") = "Base.Application", "Base.Application\Base.Application.csproj", "{DD26D2AA-7055-4E03-ACC4-62173411984F}"
EndProject
Project("{FAE04EC0-301F-11D3-BF4B-00C04F79EFBC}") = "Base.Infrastructure", "Base.Infrastructure\Base.Infrastructure.csproj", "{BA805E0C-772F-4BCA-8A0C-6A28D0257B7F}"
EndProject
Global
	GlobalSection(SolutionConfigurationPlatforms) = preSolution
		Debug|Any CPU = Debug|Any CPU
		Release|Any CPU = Release|Any CPU
	EndGlobalSection
	GlobalSection(NestedProjects) = preSolution
		{FB60707B-30C1-43C6-AD77-3710B36A5C8C} = {C24CCF8D-7DE3-42A1-B301-A8810EB5D582}
		{4E0F643D-A8CC-40B9-8000-5F6ED44CD7F6} = {C24CCF8D-7DE3-42A1-B301-A8810EB5D582}
		{FDA1A019-6404-4958-BAD6-0B1552ECDE7B} = {C24CCF8D-7DE3-42A1-B301-A8810EB5D582}
		{3EC51F56-807F-4E4E-924B-41AF7AA1AB72} = {FB60707B-30C1-43C6-AD77-3710B36A5C8C}
		{B7EF7306-B00B-465A-8B3D-D974CE0B063F} = {C24CCF8D-7DE3-42A1-B301-A8810EB5D582}
		{C369A192-3520-4D78-B540-95B039DD8D82} = {FDA1A019-6404-4958-BAD6-0B1552ECDE7B}
		{779BB5BD-7698-45B7-8F27-9A43CEBFA48F} = {4E0F643D-A8CC-40B9-8000-5F6ED44CD7F6}
		{3069D724-2D76-465D-BAFA-84F2EEA1BC84} = {FB60707B-30C1-43C6-AD77-3710B36A5C8C}
		{6B85B1B1-85E5-4064-B307-56F40FCCE15A} = {4E0F643D-A8CC-40B9-8000-5F6ED44CD7F6}
		{E8344280-2898-4068-9FC6-B50D9D54DE3C} = {FB60707B-30C1-43C6-AD77-3710B36A5C8C}
		{1FBA4381-156B-432F-9C3D-888CB95C9FF7} = {FDA1A019-6404-4958-BAD6-0B1552ECDE7B}
		{7BB0B086-AE78-42BB-B488-346C5B170AC8} = {B7EF7306-B00B-465A-8B3D-D974CE0B063F}
		{F82C97D3-CD47-4BB6-91E9-3928266E5837} = {FB60707B-30C1-43C6-AD77-3710B36A5C8C}
		{0B31DF0E-A2FA-4CE8-9524-C3BC35C86FD2} = {FDA1A019-6404-4958-BAD6-0B1552ECDE7B}
		{B9E046B1-D818-4279-A4BF-E4ABF51E6420} = {4E0F643D-A8CC-40B9-8000-5F6ED44CD7F6}
		{852BC26E-1D2C-4DDB-85AF-EC6D32859B37} = {71949C20-D46E-47B8-9327-64ECA956151A}
		{2DC34A37-7226-491D-8653-EF5897FBAC84} = {71949C20-D46E-47B8-9327-64ECA956151A}
		{31AEA467-AC27-4A49-BC39-A09A5723A503} = {71949C20-D46E-47B8-9327-64ECA956151A}
		{DE511943-2BD6-4EF6-B7D8-A6D54C51A338} = {71949C20-D46E-47B8-9327-64ECA956151A}
		{628A4C52-E4F8-413C-A5E8-7B65F7EA999E} = {852BC26E-1D2C-4DDB-85AF-EC6D32859B37}
		{FCA4494F-1DBC-48BB-8C73-D4AF32667B91} = {852BC26E-1D2C-4DDB-85AF-EC6D32859B37}
		{DD26D2AA-7055-4E03-ACC4-62173411984F} = {4E0F643D-A8CC-40B9-8000-5F6ED44CD7F6}
		{BA805E0C-772F-4BCA-8A0C-6A28D0257B7F} = {FDA1A019-6404-4958-BAD6-0B1552ECDE7B}
	EndGlobalSection
	GlobalSection(ProjectConfigurationPlatforms) = postSolution
		{3EC51F56-807F-4E4E-924B-41AF7AA1AB72}.Debug|Any CPU.ActiveCfg = Debug|Any CPU
		{3EC51F56-807F-4E4E-924B-41AF7AA1AB72}.Debug|Any CPU.Build.0 = Debug|Any CPU
		{3EC51F56-807F-4E4E-924B-41AF7AA1AB72}.Release|Any CPU.ActiveCfg = Release|Any CPU
		{3EC51F56-807F-4E4E-924B-41AF7AA1AB72}.Release|Any CPU.Build.0 = Release|Any CPU
		{C369A192-3520-4D78-B540-95B039DD8D82}.Debug|Any CPU.ActiveCfg = Debug|Any CPU
		{C369A192-3520-4D78-B540-95B039DD8D82}.Debug|Any CPU.Build.0 = Debug|Any CPU
		{C369A192-3520-4D78-B540-95B039DD8D82}.Release|Any CPU.ActiveCfg = Release|Any CPU
		{C369A192-3520-4D78-B540-95B039DD8D82}.Release|Any CPU.Build.0 = Release|Any CPU
		{779BB5BD-7698-45B7-8F27-9A43CEBFA48F}.Debug|Any CPU.ActiveCfg = Debug|Any CPU
		{779BB5BD-7698-45B7-8F27-9A43CEBFA48F}.Debug|Any CPU.Build.0 = Debug|Any CPU
		{779BB5BD-7698-45B7-8F27-9A43CEBFA48F}.Release|Any CPU.ActiveCfg = Release|Any CPU
		{779BB5BD-7698-45B7-8F27-9A43CEBFA48F}.Release|Any CPU.Build.0 = Release|Any CPU
		{3069D724-2D76-465D-BAFA-84F2EEA1BC84}.Debug|Any CPU.ActiveCfg = Debug|Any CPU
		{3069D724-2D76-465D-BAFA-84F2EEA1BC84}.Debug|Any CPU.Build.0 = Debug|Any CPU
		{3069D724-2D76-465D-BAFA-84F2EEA1BC84}.Release|Any CPU.ActiveCfg = Release|Any CPU
		{3069D724-2D76-465D-BAFA-84F2EEA1BC84}.Release|Any CPU.Build.0 = Release|Any CPU
		{6B85B1B1-85E5-4064-B307-56F40FCCE15A}.Debug|Any CPU.ActiveCfg = Debug|Any CPU
		{6B85B1B1-85E5-4064-B307-56F40FCCE15A}.Debug|Any CPU.Build.0 = Debug|Any CPU
		{6B85B1B1-85E5-4064-B307-56F40FCCE15A}.Release|Any CPU.ActiveCfg = Release|Any CPU
		{6B85B1B1-85E5-4064-B307-56F40FCCE15A}.Release|Any CPU.Build.0 = Release|Any CPU
		{E8344280-2898-4068-9FC6-B50D9D54DE3C}.Debug|Any CPU.ActiveCfg = Debug|Any CPU
		{E8344280-2898-4068-9FC6-B50D9D54DE3C}.Debug|Any CPU.Build.0 = Debug|Any CPU
		{E8344280-2898-4068-9FC6-B50D9D54DE3C}.Release|Any CPU.ActiveCfg = Release|Any CPU
		{E8344280-2898-4068-9FC6-B50D9D54DE3C}.Release|Any CPU.Build.0 = Release|Any CPU
		{1FBA4381-156B-432F-9C3D-888CB95C9FF7}.Debug|Any CPU.ActiveCfg = Debug|Any CPU
		{1FBA4381-156B-432F-9C3D-888CB95C9FF7}.Debug|Any CPU.Build.0 = Debug|Any CPU
		{1FBA4381-156B-432F-9C3D-888CB95C9FF7}.Release|Any CPU.ActiveCfg = Release|Any CPU
		{1FBA4381-156B-432F-9C3D-888CB95C9FF7}.Release|Any CPU.Build.0 = Release|Any CPU
		{7BB0B086-AE78-42BB-B488-346C5B170AC8}.Debug|Any CPU.ActiveCfg = Debug|Any CPU
		{7BB0B086-AE78-42BB-B488-346C5B170AC8}.Debug|Any CPU.Build.0 = Debug|Any CPU
		{7BB0B086-AE78-42BB-B488-346C5B170AC8}.Release|Any CPU.ActiveCfg = Release|Any CPU
		{7BB0B086-AE78-42BB-B488-346C5B170AC8}.Release|Any CPU.Build.0 = Release|Any CPU
		{F82C97D3-CD47-4BB6-91E9-3928266E5837}.Debug|Any CPU.ActiveCfg = Debug|Any CPU
		{F82C97D3-CD47-4BB6-91E9-3928266E5837}.Debug|Any CPU.Build.0 = Debug|Any CPU
		{F82C97D3-CD47-4BB6-91E9-3928266E5837}.Release|Any CPU.ActiveCfg = Release|Any CPU
		{F82C97D3-CD47-4BB6-91E9-3928266E5837}.Release|Any CPU.Build.0 = Release|Any CPU
		{0B31DF0E-A2FA-4CE8-9524-C3BC35C86FD2}.Debug|Any CPU.ActiveCfg = Debug|Any CPU
		{0B31DF0E-A2FA-4CE8-9524-C3BC35C86FD2}.Debug|Any CPU.Build.0 = Debug|Any CPU
		{0B31DF0E-A2FA-4CE8-9524-C3BC35C86FD2}.Release|Any CPU.ActiveCfg = Release|Any CPU
		{0B31DF0E-A2FA-4CE8-9524-C3BC35C86FD2}.Release|Any CPU.Build.0 = Release|Any CPU
		{B9E046B1-D818-4279-A4BF-E4ABF51E6420}.Debug|Any CPU.ActiveCfg = Debug|Any CPU
		{B9E046B1-D818-4279-A4BF-E4ABF51E6420}.Debug|Any CPU.Build.0 = Debug|Any CPU
		{B9E046B1-D818-4279-A4BF-E4ABF51E6420}.Release|Any CPU.ActiveCfg = Release|Any CPU
		{B9E046B1-D818-4279-A4BF-E4ABF51E6420}.Release|Any CPU.Build.0 = Release|Any CPU
		{628A4C52-E4F8-413C-A5E8-7B65F7EA999E}.Debug|Any CPU.ActiveCfg = Debug|Any CPU
		{628A4C52-E4F8-413C-A5E8-7B65F7EA999E}.Debug|Any CPU.Build.0 = Debug|Any CPU
		{628A4C52-E4F8-413C-A5E8-7B65F7EA999E}.Release|Any CPU.ActiveCfg = Release|Any CPU
		{628A4C52-E4F8-413C-A5E8-7B65F7EA999E}.Release|Any CPU.Build.0 = Release|Any CPU
		{FCA4494F-1DBC-48BB-8C73-D4AF32667B91}.Debug|Any CPU.ActiveCfg = Debug|Any CPU
		{FCA4494F-1DBC-48BB-8C73-D4AF32667B91}.Debug|Any CPU.Build.0 = Debug|Any CPU
		{FCA4494F-1DBC-48BB-8C73-D4AF32667B91}.Release|Any CPU.ActiveCfg = Release|Any CPU
		{FCA4494F-1DBC-48BB-8C73-D4AF32667B91}.Release|Any CPU.Build.0 = Release|Any CPU
		{DD26D2AA-7055-4E03-ACC4-62173411984F}.Debug|Any CPU.ActiveCfg = Debug|Any CPU
		{DD26D2AA-7055-4E03-ACC4-62173411984F}.Debug|Any CPU.Build.0 = Debug|Any CPU
		{DD26D2AA-7055-4E03-ACC4-62173411984F}.Release|Any CPU.ActiveCfg = Release|Any CPU
		{DD26D2AA-7055-4E03-ACC4-62173411984F}.Release|Any CPU.Build.0 = Release|Any CPU
		{BA805E0C-772F-4BCA-8A0C-6A28D0257B7F}.Debug|Any CPU.ActiveCfg = Debug|Any CPU
		{BA805E0C-772F-4BCA-8A0C-6A28D0257B7F}.Debug|Any CPU.Build.0 = Debug|Any CPU
		{BA805E0C-772F-4BCA-8A0C-6A28D0257B7F}.Release|Any CPU.ActiveCfg = Release|Any CPU
		{BA805E0C-772F-4BCA-8A0C-6A28D0257B7F}.Release|Any CPU.Build.0 = Release|Any CPU
	EndGlobalSection
EndGlobal
